
Microsoft Visual Studio Solution File, Format Version 12.00
# Visual Studio 2013
VisualStudioVersion = 12.0.31101.0
MinimumVisualStudioVersion = 10.0.40219.1
Project("{2150E333-8FDC-42A3-9474-1A3956D46DE8}") = "Engine", "Engine", "{AD4983F6-BBC7-4238-878E-751B37ECACD9}"
EndProject
Project("{2150E333-8FDC-42A3-9474-1A3956D46DE8}") = "Games", "Games", "{BD3DE306-5E1D-4367-B0E8-A8DE632DBE7E}"
EndProject
Project("{8BC9CEB8-8B4A-11D0-8D11-00A0C91BC942}") = "UE4", "Intermediate\ProjectFiles\UE4.vcxproj", "{5579CCDC-86E3-45EF-A022-3924CA2F220C}"
EndProject
Project("{8BC9CEB8-8B4A-11D0-8D11-00A0C91BC942}") = "brs2d", "Intermediate\ProjectFiles\brs2d.vcxproj", "{6F0BB256-A8CA-493F-9368-991ED8319E9B}"
EndProject
Global
	GlobalSection(SolutionConfigurationPlatforms) = preSolution
		DebugGame Editor|Android = DebugGame Editor|Android
		DebugGame Editor|Win32 = DebugGame Editor|Win32
		DebugGame Editor|Win64 = DebugGame Editor|Win64
		DebugGame|Android = DebugGame|Android
		DebugGame|Win32 = DebugGame|Win32
		DebugGame|Win64 = DebugGame|Win64
		Development Editor|Android = Development Editor|Android
		Development Editor|Win32 = Development Editor|Win32
		Development Editor|Win64 = Development Editor|Win64
		Development|Android = Development|Android
		Development|Win32 = Development|Win32
		Development|Win64 = Development|Win64
		Shipping|Android = Shipping|Android
		Shipping|Win32 = Shipping|Win32
		Shipping|Win64 = Shipping|Win64
	EndGlobalSection
	GlobalSection(ProjectConfigurationPlatforms) = postSolution
		{5579CCDC-86E3-45EF-A022-3924CA2F220C}.DebugGame Editor|Android.ActiveCfg = BuiltWithUnrealBuildTool|Win32
		{5579CCDC-86E3-45EF-A022-3924CA2F220C}.DebugGame Editor|Win32.ActiveCfg = BuiltWithUnrealBuildTool|Win32
		{5579CCDC-86E3-45EF-A022-3924CA2F220C}.DebugGame Editor|Win32.Build.0 = BuiltWithUnrealBuildTool|Win32
		{5579CCDC-86E3-45EF-A022-3924CA2F220C}.DebugGame Editor|Win64.ActiveCfg = BuiltWithUnrealBuildTool|Win32
		{5579CCDC-86E3-45EF-A022-3924CA2F220C}.DebugGame|Android.ActiveCfg = BuiltWithUnrealBuildTool|Win32
		{5579CCDC-86E3-45EF-A022-3924CA2F220C}.DebugGame|Win32.ActiveCfg = BuiltWithUnrealBuildTool|Win32
		{5579CCDC-86E3-45EF-A022-3924CA2F220C}.DebugGame|Win32.Build.0 = BuiltWithUnrealBuildTool|Win32
		{5579CCDC-86E3-45EF-A022-3924CA2F220C}.DebugGame|Win64.ActiveCfg = BuiltWithUnrealBuildTool|Win32
		{5579CCDC-86E3-45EF-A022-3924CA2F220C}.Development Editor|Android.ActiveCfg = BuiltWithUnrealBuildTool|Win32
		{5579CCDC-86E3-45EF-A022-3924CA2F220C}.Development Editor|Win32.ActiveCfg = BuiltWithUnrealBuildTool|Win32
		{5579CCDC-86E3-45EF-A022-3924CA2F220C}.Development Editor|Win32.Build.0 = BuiltWithUnrealBuildTool|Win32
		{5579CCDC-86E3-45EF-A022-3924CA2F220C}.Development Editor|Win64.ActiveCfg = BuiltWithUnrealBuildTool|Win32
		{5579CCDC-86E3-45EF-A022-3924CA2F220C}.Development|Android.ActiveCfg = BuiltWithUnrealBuildTool|Win32
		{5579CCDC-86E3-45EF-A022-3924CA2F220C}.Development|Win32.ActiveCfg = BuiltWithUnrealBuildTool|Win32
		{5579CCDC-86E3-45EF-A022-3924CA2F220C}.Development|Win32.Build.0 = BuiltWithUnrealBuildTool|Win32
		{5579CCDC-86E3-45EF-A022-3924CA2F220C}.Development|Win64.ActiveCfg = BuiltWithUnrealBuildTool|Win32
		{5579CCDC-86E3-45EF-A022-3924CA2F220C}.Shipping|Android.ActiveCfg = BuiltWithUnrealBuildTool|Win32
		{5579CCDC-86E3-45EF-A022-3924CA2F220C}.Shipping|Win32.ActiveCfg = BuiltWithUnrealBuildTool|Win32
		{5579CCDC-86E3-45EF-A022-3924CA2F220C}.Shipping|Win32.Build.0 = BuiltWithUnrealBuildTool|Win32
		{5579CCDC-86E3-45EF-A022-3924CA2F220C}.Shipping|Win64.ActiveCfg = BuiltWithUnrealBuildTool|Win32
		{6F0BB256-A8CA-493F-9368-991ED8319E9B}.DebugGame Editor|Android.ActiveCfg = DebugGame_Editor|Tegra-Android
		{6F0BB256-A8CA-493F-9368-991ED8319E9B}.DebugGame Editor|Android.Build.0 = DebugGame_Editor|Tegra-Android
		{6F0BB256-A8CA-493F-9368-991ED8319E9B}.DebugGame Editor|Win32.ActiveCfg = DebugGame_Editor|Win32
		{6F0BB256-A8CA-493F-9368-991ED8319E9B}.DebugGame Editor|Win32.Build.0 = DebugGame_Editor|Win32
		{6F0BB256-A8CA-493F-9368-991ED8319E9B}.DebugGame Editor|Win64.ActiveCfg = DebugGame_Editor|x64
		{6F0BB256-A8CA-493F-9368-991ED8319E9B}.DebugGame Editor|Win64.Build.0 = DebugGame_Editor|x64
		{6F0BB256-A8CA-493F-9368-991ED8319E9B}.DebugGame|Android.ActiveCfg = DebugGame_Game|Tegra-Android
		{6F0BB256-A8CA-493F-9368-991ED8319E9B}.DebugGame|Android.Build.0 = DebugGame_Game|Tegra-Android
		{6F0BB256-A8CA-493F-9368-991ED8319E9B}.DebugGame|Win32.ActiveCfg = DebugGame_Game|Win32
		{6F0BB256-A8CA-493F-9368-991ED8319E9B}.DebugGame|Win32.Build.0 = DebugGame_Game|Win32
		{6F0BB256-A8CA-493F-9368-991ED8319E9B}.DebugGame|Win64.ActiveCfg = DebugGame_Game|x64
		{6F0BB256-A8CA-493F-9368-991ED8319E9B}.DebugGame|Win64.Build.0 = DebugGame_Game|x64
		{6F0BB256-A8CA-493F-9368-991ED8319E9B}.Development Editor|Android.ActiveCfg = Development_Editor|Tegra-Android
		{6F0BB256-A8CA-493F-9368-991ED8319E9B}.Development Editor|Android.Build.0 = Development_Editor|Tegra-Android
		{6F0BB256-A8CA-493F-9368-991ED8319E9B}.Development Editor|Win32.ActiveCfg = Development_Editor|Win32
		{6F0BB256-A8CA-493F-9368-991ED8319E9B}.Development Editor|Win32.Build.0 = Development_Editor|Win32
		{6F0BB256-A8CA-493F-9368-991ED8319E9B}.Development Editor|Win64.ActiveCfg = Development_Editor|x64
		{6F0BB256-A8CA-493F-9368-991ED8319E9B}.Development Editor|Win64.Build.0 = Development_Editor|x64
		{6F0BB256-A8CA-493F-9368-991ED8319E9B}.Development|Android.ActiveCfg = Development_Game|Tegra-Android
		{6F0BB256-A8CA-493F-9368-991ED8319E9B}.Development|Android.Build.0 = Development_Game|Tegra-Android
		{6F0BB256-A8CA-493F-9368-991ED8319E9B}.Development|Win32.ActiveCfg = Development_Game|Win32
		{6F0BB256-A8CA-493F-9368-991ED8319E9B}.Development|Win32.Build.0 = Development_Game|Win32
		{6F0BB256-A8CA-493F-9368-991ED8319E9B}.Development|Win64.ActiveCfg = Development_Game|x64
		{6F0BB256-A8CA-493F-9368-991ED8319E9B}.Development|Win64.Build.0 = Development_Game|x64
		{6F0BB256-A8CA-493F-9368-991ED8319E9B}.Shipping|Android.ActiveCfg = Shipping_Game|Tegra-Android
		{6F0BB256-A8CA-493F-9368-991ED8319E9B}.Shipping|Android.Build.0 = Shipping_Game|Tegra-Android
		{6F0BB256-A8CA-493F-9368-991ED8319E9B}.Shipping|Win32.ActiveCfg = Shipping_Game|Win32
		{6F0BB256-A8CA-493F-9368-991ED8319E9B}.Shipping|Win32.Build.0 = Shipping_Game|Win32
		{6F0BB256-A8CA-493F-9368-991ED8319E9B}.Shipping|Win64.ActiveCfg = Shipping_Game|x64
		{6F0BB256-A8CA-493F-9368-991ED8319E9B}.Shipping|Win64.Build.0 = Shipping_Game|x64
	EndGlobalSection
	GlobalSection(SolutionProperties) = preSolution
		HideSolutionNode = FALSE
	EndGlobalSection
	GlobalSection(NestedProjects) = preSolution
		{5579CCDC-86E3-45EF-A022-3924CA2F220C} = {AD4983F6-BBC7-4238-878E-751B37ECACD9}
		{6F0BB256-A8CA-493F-9368-991ED8319E9B} = {BD3DE306-5E1D-4367-B0E8-A8DE632DBE7E}
	EndGlobalSection
EndGlobal
